{
	"name": "@eyevinn/web-player-airplay",
	"version": "0.7.2",
	"lockfileVersion": 2,
	"requires": true,
	"packages": {
		"": {
			"name": "@eyevinn/web-player-airplay",
			"version": "0.7.2",
			"license": "Apache-2.0",
			"dependencies": {
				"mitt": "^2.1.0"
			}
		},
		"node_modules/mitt": {
			"version": "2.1.0",
			"resolved": "https://registry.npmjs.org/mitt/-/mitt-2.1.0.tgz",
			"integrity": "sha512-ILj2TpLiysu2wkBbWjAmww7TkZb65aiQO+DkVdUTBpBXq+MHYiETENkKFMtsJZX1Lf4pe4QOrTSjIfUwN5lRdg=="
		}
	},
	"dependencies": {
		"mitt": {
			"version": "2.1.0",
			"resolved": "https://registry.npmjs.org/mitt/-/mitt-2.1.0.tgz",
			"integrity": "sha512-ILj2TpLiysu2wkBbWjAmww7TkZb65aiQO+DkVdUTBpBXq+MHYiETENkKFMtsJZX1Lf4pe4QOrTSjIfUwN5lRdg=="
		}
	}
}
